
Microsoft Visual Studio Solution File, Format Version 12.00
Project("{2150E333-8FDC-42A3-9474-1A3956D46DE8}") = "Solution Items", "Solution Items", "{86A7424D-9400-4C7B-8ED4-57924B26F15E}"
	ProjectSection(SolutionItems) = preProject
		compose.yaml = compose.yaml
		prometheus.yml = prometheus.yml
		Readme.md = Readme.md
	EndProjectSection
EndProject
Project("{FAE04EC0-301F-11D3-BF4B-00C04F79EFBC}") = "WebApi2Telemetry", "WebApi2Telemetry\WebApi2Telemetry.csproj", "{B95EA71F-C6B8-4298-B8A3-EB66460F5D35}"
EndProject
Project("{FAE04EC0-301F-11D3-BF4B-00C04F79EFBC}") = "WebApi1Telemetry", "WebApi1Telemetry\WebApi1Telemetry.csproj", "{3C19B353-69EB-489A-8516-15BF19513674}"
EndProject
Global
	GlobalSection(SolutionConfigurationPlatforms) = preSolution
		Debug|Any CPU = Debug|Any CPU
		Release|Any CPU = Release|Any CPU
	EndGlobalSection
	GlobalSection(ProjectConfigurationPlatforms) = postSolution
		{B95EA71F-C6B8-4298-B8A3-EB66460F5D35}.Debug|Any CPU.ActiveCfg = Debug|Any CPU
		{B95EA71F-C6B8-4298-B8A3-EB66460F5D35}.Debug|Any CPU.Build.0 = Debug|Any CPU
		{B95EA71F-C6B8-4298-B8A3-EB66460F5D35}.Release|Any CPU.ActiveCfg = Release|Any CPU
		{B95EA71F-C6B8-4298-B8A3-EB66460F5D35}.Release|Any CPU.Build.0 = Release|Any CPU
		{3C19B353-69EB-489A-8516-15BF19513674}.Debug|Any CPU.ActiveCfg = Debug|Any CPU
		{3C19B353-69EB-489A-8516-15BF19513674}.Debug|Any CPU.Build.0 = Debug|Any CPU
		{3C19B353-69EB-489A-8516-15BF19513674}.Release|Any CPU.ActiveCfg = Release|Any CPU
		{3C19B353-69EB-489A-8516-15BF19513674}.Release|Any CPU.Build.0 = Release|Any CPU
	EndGlobalSection
EndGlobal
